
Microsoft Visual Studio Solution File, Format Version 12.00
Project("{FAE04EC0-301F-11D3-BF4B-00C04F79EFBC}") = "XivYtMusicRPCHost", "XivYtMusicRPCHost\XivYtMusicRPCHost.csproj", "{11B2800F-FF4B-4B02-B6F2-99015001BA7C}"
EndProject
Global
	GlobalSection(SolutionConfigurationPlatforms) = preSolution
		Debug|Any CPU = Debug|Any CPU
		Release|Any CPU = Release|Any CPU
	EndGlobalSection
	GlobalSection(ProjectConfigurationPlatforms) = postSolution
		{11B2800F-FF4B-4B02-B6F2-99015001BA7C}.Debug|Any CPU.ActiveCfg = Debug|Any CPU
		{11B2800F-FF4B-4B02-B6F2-99015001BA7C}.Debug|Any CPU.Build.0 = Debug|Any CPU
		{11B2800F-FF4B-4B02-B6F2-99015001BA7C}.Release|Any CPU.ActiveCfg = Release|Any CPU
		{11B2800F-FF4B-4B02-B6F2-99015001BA7C}.Release|Any CPU.Build.0 = Release|Any CPU
	EndGlobalSection
EndGlobal
